
Microsoft Visual Studio Solution File, Format Version 12.00
# Visual Studio Version 16
VisualStudioVersion = 16.0.31424.327
MinimumVisualStudioVersion = 10.0.40219.1
Project("{FAE04EC0-301F-11D3-BF4B-00C04F79EFBC}") = "Entities", "Entities\Entities.csproj", "{9544E2D8-18B7-4837-8B9E-5368FAB667EE}"
EndProject
Project("{FAE04EC0-301F-11D3-BF4B-00C04F79EFBC}") = "DataAccess", "DataAccess\DataAccess.csproj", "{435C8AF4-7EDC-49F0-BC2B-6DC421FE506F}"
EndProject
Project("{FAE04EC0-301F-11D3-BF4B-00C04F79EFBC}") = "Core", "Core\Core.csproj", "{78B6809F-9FAC-4527-9E63-FF09DFD983A7}"
EndProject
Project("{FAE04EC0-301F-11D3-BF4B-00C04F79EFBC}") = "Business", "Business\Business.csproj", "{C542C256-46E2-457E-B89C-2F824A63D670}"
EndProject
Project("{FAE04EC0-301F-11D3-BF4B-00C04F79EFBC}") = "WebAPI", "WebAPI\WebAPI.csproj", "{12C676FF-F686-4DD7-AA39-A1D1AF398029}"
EndProject
Global
	GlobalSection(SolutionConfigurationPlatforms) = preSolution
		Debug|Any CPU = Debug|Any CPU
		Release|Any CPU = Release|Any CPU
	EndGlobalSection
	GlobalSection(ProjectConfigurationPlatforms) = postSolution
		{9544E2D8-18B7-4837-8B9E-5368FAB667EE}.Debug|Any CPU.ActiveCfg = Debug|Any CPU
		{9544E2D8-18B7-4837-8B9E-5368FAB667EE}.Debug|Any CPU.Build.0 = Debug|Any CPU
		{9544E2D8-18B7-4837-8B9E-5368FAB667EE}.Release|Any CPU.ActiveCfg = Release|Any CPU
		{9544E2D8-18B7-4837-8B9E-5368FAB667EE}.Release|Any CPU.Build.0 = Release|Any CPU
		{435C8AF4-7EDC-49F0-BC2B-6DC421FE506F}.Debug|Any CPU.ActiveCfg = Debug|Any CPU
		{435C8AF4-7EDC-49F0-BC2B-6DC421FE506F}.Debug|Any CPU.Build.0 = Debug|Any CPU
		{435C8AF4-7EDC-49F0-BC2B-6DC421FE506F}.Release|Any CPU.ActiveCfg = Release|Any CPU
		{435C8AF4-7EDC-49F0-BC2B-6DC421FE506F}.Release|Any CPU.Build.0 = Release|Any CPU
		{78B6809F-9FAC-4527-9E63-FF09DFD983A7}.Debug|Any CPU.ActiveCfg = Debug|Any CPU
		{78B6809F-9FAC-4527-9E63-FF09DFD983A7}.Debug|Any CPU.Build.0 = Debug|Any CPU
		{78B6809F-9FAC-4527-9E63-FF09DFD983A7}.Release|Any CPU.ActiveCfg = Release|Any CPU
		{78B6809F-9FAC-4527-9E63-FF09DFD983A7}.Release|Any CPU.Build.0 = Release|Any CPU
		{C542C256-46E2-457E-B89C-2F824A63D670}.Debug|Any CPU.ActiveCfg = Debug|Any CPU
		{C542C256-46E2-457E-B89C-2F824A63D670}.Debug|Any CPU.Build.0 = Debug|Any CPU
		{C542C256-46E2-457E-B89C-2F824A63D670}.Release|Any CPU.ActiveCfg = Release|Any CPU
		{C542C256-46E2-457E-B89C-2F824A63D670}.Release|Any CPU.Build.0 = Release|Any CPU
		{12C676FF-F686-4DD7-AA39-A1D1AF398029}.Debug|Any CPU.ActiveCfg = Debug|Any CPU
		{12C676FF-F686-4DD7-AA39-A1D1AF398029}.Debug|Any CPU.Build.0 = Debug|Any CPU
		{12C676FF-F686-4DD7-AA39-A1D1AF398029}.Release|Any CPU.ActiveCfg = Release|Any CPU
		{12C676FF-F686-4DD7-AA39-A1D1AF398029}.Release|Any CPU.Build.0 = Release|Any CPU
	EndGlobalSection
	GlobalSection(SolutionProperties) = preSolution
		HideSolutionNode = FALSE
	EndGlobalSection
	GlobalSection(ExtensibilityGlobals) = postSolution
		SolutionGuid = {3B46ACC7-02B4-4AFD-9D01-64ADA3C8271D}
	EndGlobalSection
EndGlobal
